
Microsoft Visual Studio Solution File, Format Version 12.00
# Visual Studio Version 17
VisualStudioVersion = 17.7.34031.279
MinimumVisualStudioVersion = 10.0.40219.1
Project("{9A19103F-16F7-4668-BE54-9A1E7A4F7556}") = "Sep25", "Sep25\Sep25.csproj", "{D5F8F7EF-33A3-478E-92C9-A67D5F6EAF02}"
EndProject
Project("{FAE04EC0-301F-11D3-BF4B-00C04F79EFBC}") = "Sep26", "Sep26\Sep26.csproj", "{645E781D-2036-4AFA-ADD2-0D2334C1D26F}"
EndProject
Global
	GlobalSection(SolutionConfigurationPlatforms) = preSolution
		Debug|Any CPU = Debug|Any CPU
		Release|Any CPU = Release|Any CPU
	EndGlobalSection
	GlobalSection(ProjectConfigurationPlatforms) = postSolution
		{D5F8F7EF-33A3-478E-92C9-A67D5F6EAF02}.Debug|Any CPU.ActiveCfg = Debug|Any CPU
		{D5F8F7EF-33A3-478E-92C9-A67D5F6EAF02}.Debug|Any CPU.Build.0 = Debug|Any CPU
		{D5F8F7EF-33A3-478E-92C9-A67D5F6EAF02}.Release|Any CPU.ActiveCfg = Release|Any CPU
		{D5F8F7EF-33A3-478E-92C9-A67D5F6EAF02}.Release|Any CPU.Build.0 = Release|Any CPU
		{645E781D-2036-4AFA-ADD2-0D2334C1D26F}.Debug|Any CPU.ActiveCfg = Debug|Any CPU
		{645E781D-2036-4AFA-ADD2-0D2334C1D26F}.Debug|Any CPU.Build.0 = Debug|Any CPU
		{645E781D-2036-4AFA-ADD2-0D2334C1D26F}.Release|Any CPU.ActiveCfg = Release|Any CPU
		{645E781D-2036-4AFA-ADD2-0D2334C1D26F}.Release|Any CPU.Build.0 = Release|Any CPU
	EndGlobalSection
	GlobalSection(SolutionProperties) = preSolution
		HideSolutionNode = FALSE
	EndGlobalSection
	GlobalSection(ExtensibilityGlobals) = postSolution
		SolutionGuid = {38F16FF8-12AF-4783-9F1C-175A1C7BD06B}
	EndGlobalSection
EndGlobal
