
Microsoft Visual Studio Solution File, Format Version 12.00
# Visual Studio Version 17
VisualStudioVersion = 17.7.34031.279
MinimumVisualStudioVersion = 10.0.40219.1
Project("{9A19103F-16F7-4668-BE54-9A1E7A4F7556}") = "Primitive", "Sep25\Primitive.csproj", "{D5F8F7EF-33A3-478E-92C9-A67D5F6EAF02}"
EndProject
Project("{9A19103F-16F7-4668-BE54-9A1E7A4F7556}") = "ArrStr", "Sep26\ArrStr.csproj", "{645E781D-2036-4AFA-ADD2-0D2334C1D26F}"
EndProject
Project("{9A19103F-16F7-4668-BE54-9A1E7A4F7556}") = "NonPrimitive", "Sep 27\NonPrimitive.csproj", "{257B386C-4FB6-4836-873F-06E88729A7C8}"
EndProject
Project("{9A19103F-16F7-4668-BE54-9A1E7A4F7556}") = "File", "a\File.csproj", "{A5E6490C-9C7A-4C22-91F3-199512BDD5B5}"
EndProject
Project("{9A19103F-16F7-4668-BE54-9A1E7A4F7556}") = "Exercise_Beginner_C#", "Exercise_Beginner_C#\Exercise_Beginner_C#.csproj", "{B5A8A5A0-77BC-44B8-A762-772DE39430B0}"
EndProject
Project("{9A19103F-16F7-4668-BE54-9A1E7A4F7556}") = "StringBuilder", "StringBuilder\StringBuilder.csproj", "{C6504217-6DDD-4A40-9009-AC19BF6465E9}"
EndProject
Project("{9A19103F-16F7-4668-BE54-9A1E7A4F7556}") = "Enum", "Enum\Enum.csproj", "{16BD9684-0231-4535-993D-76895AB8E036}"
EndProject
Project("{9A19103F-16F7-4668-BE54-9A1E7A4F7556}") = "Classes( I )", "Classes( I )\Classes( I ).csproj", "{6800461B-3FEF-4D3B-B82B-BEE8DDA0872F}"
EndProject
Project("{9A19103F-16F7-4668-BE54-9A1E7A4F7556}") = "Classes(I)Inheritance", "Inheritance Classes(I)\Classes(I)Inheritance.csproj", "{87172F7E-579B-4783-A79E-7E1201F74313}"
EndProject
Project("{9A19103F-16F7-4668-BE54-9A1E7A4F7556}") = "Classes(I)Polymorphism", "Classes(I)Polymorphism\Classes(I)Polymorphism.csproj", "{094F207C-FF2B-4A93-88C4-5CAD4145DFCC}"
EndProject
Project("{9A19103F-16F7-4668-BE54-9A1E7A4F7556}") = "Classes(I)Interfaces", "Classes(I)Interfaces\Classes(I)Interfaces.csproj", "{CFC0C174-FA2A-4EB7-A8D8-695987ADB25F}"
EndProject
Project("{9A19103F-16F7-4668-BE54-9A1E7A4F7556}") = "Exercises_Intermediate", "Exercises_Intermediate\Exercises_Intermediate.csproj", "{7B920015-99E9-45A7-8A3B-EFC4B51925D9}"
EndProject
Project("{9A19103F-16F7-4668-BE54-9A1E7A4F7556}") = "Classes(I)Methods", "Classes(I)Methods\Classes(I)Methods.csproj", "{F37EF170-92E7-4107-84AE-0E54EE783492}"
EndProject
Project("{9A19103F-16F7-4668-BE54-9A1E7A4F7556}") = "Classes(I)Constructor", "Classes(I)Constructor\Classes(I)Constructor.csproj", "{9E878D19-22B0-4D03-87D1-D18D2A78C146}"
EndProject
Project("{FAE04EC0-301F-11D3-BF4B-00C04F79EFBC}") = "ConsoleApp1", "ConsoleApp1\ConsoleApp1.csproj", "{B70FDD74-3FDE-40D7-99C8-091C3B16462E}"
EndProject
Project("{9A19103F-16F7-4668-BE54-9A1E7A4F7556}") = "Composition", "Composition\Composition.csproj", "{B07C3076-557F-45EE-A2AB-477CFA4A6D9E}"
EndProject
Project("{FAE04EC0-301F-11D3-BF4B-00C04F79EFBC}") = "Delegate", "Delegate\Delegate.csproj", "{E2BE8AC3-50B6-40F9-9C6A-F18091960BEA}"
EndProject
Global
	GlobalSection(SolutionConfigurationPlatforms) = preSolution
		Debug|Any CPU = Debug|Any CPU
		Release|Any CPU = Release|Any CPU
	EndGlobalSection
	GlobalSection(ProjectConfigurationPlatforms) = postSolution
		{D5F8F7EF-33A3-478E-92C9-A67D5F6EAF02}.Debug|Any CPU.ActiveCfg = Debug|Any CPU
		{D5F8F7EF-33A3-478E-92C9-A67D5F6EAF02}.Debug|Any CPU.Build.0 = Debug|Any CPU
		{D5F8F7EF-33A3-478E-92C9-A67D5F6EAF02}.Release|Any CPU.ActiveCfg = Release|Any CPU
		{D5F8F7EF-33A3-478E-92C9-A67D5F6EAF02}.Release|Any CPU.Build.0 = Release|Any CPU
		{645E781D-2036-4AFA-ADD2-0D2334C1D26F}.Debug|Any CPU.ActiveCfg = Debug|Any CPU
		{645E781D-2036-4AFA-ADD2-0D2334C1D26F}.Debug|Any CPU.Build.0 = Debug|Any CPU
		{645E781D-2036-4AFA-ADD2-0D2334C1D26F}.Release|Any CPU.ActiveCfg = Release|Any CPU
		{645E781D-2036-4AFA-ADD2-0D2334C1D26F}.Release|Any CPU.Build.0 = Release|Any CPU
		{257B386C-4FB6-4836-873F-06E88729A7C8}.Debug|Any CPU.ActiveCfg = Debug|Any CPU
		{257B386C-4FB6-4836-873F-06E88729A7C8}.Debug|Any CPU.Build.0 = Debug|Any CPU
		{257B386C-4FB6-4836-873F-06E88729A7C8}.Release|Any CPU.ActiveCfg = Release|Any CPU
		{257B386C-4FB6-4836-873F-06E88729A7C8}.Release|Any CPU.Build.0 = Release|Any CPU
		{A5E6490C-9C7A-4C22-91F3-199512BDD5B5}.Debug|Any CPU.ActiveCfg = Debug|Any CPU
		{A5E6490C-9C7A-4C22-91F3-199512BDD5B5}.Debug|Any CPU.Build.0 = Debug|Any CPU
		{A5E6490C-9C7A-4C22-91F3-199512BDD5B5}.Release|Any CPU.ActiveCfg = Release|Any CPU
		{A5E6490C-9C7A-4C22-91F3-199512BDD5B5}.Release|Any CPU.Build.0 = Release|Any CPU
		{B5A8A5A0-77BC-44B8-A762-772DE39430B0}.Debug|Any CPU.ActiveCfg = Debug|Any CPU
		{B5A8A5A0-77BC-44B8-A762-772DE39430B0}.Debug|Any CPU.Build.0 = Debug|Any CPU
		{B5A8A5A0-77BC-44B8-A762-772DE39430B0}.Release|Any CPU.ActiveCfg = Release|Any CPU
		{B5A8A5A0-77BC-44B8-A762-772DE39430B0}.Release|Any CPU.Build.0 = Release|Any CPU
		{C6504217-6DDD-4A40-9009-AC19BF6465E9}.Debug|Any CPU.ActiveCfg = Debug|Any CPU
		{C6504217-6DDD-4A40-9009-AC19BF6465E9}.Debug|Any CPU.Build.0 = Debug|Any CPU
		{C6504217-6DDD-4A40-9009-AC19BF6465E9}.Release|Any CPU.ActiveCfg = Release|Any CPU
		{C6504217-6DDD-4A40-9009-AC19BF6465E9}.Release|Any CPU.Build.0 = Release|Any CPU
		{16BD9684-0231-4535-993D-76895AB8E036}.Debug|Any CPU.ActiveCfg = Debug|Any CPU
		{16BD9684-0231-4535-993D-76895AB8E036}.Debug|Any CPU.Build.0 = Debug|Any CPU
		{16BD9684-0231-4535-993D-76895AB8E036}.Release|Any CPU.ActiveCfg = Release|Any CPU
		{16BD9684-0231-4535-993D-76895AB8E036}.Release|Any CPU.Build.0 = Release|Any CPU
		{6800461B-3FEF-4D3B-B82B-BEE8DDA0872F}.Debug|Any CPU.ActiveCfg = Debug|Any CPU
		{6800461B-3FEF-4D3B-B82B-BEE8DDA0872F}.Debug|Any CPU.Build.0 = Debug|Any CPU
		{6800461B-3FEF-4D3B-B82B-BEE8DDA0872F}.Release|Any CPU.ActiveCfg = Release|Any CPU
		{6800461B-3FEF-4D3B-B82B-BEE8DDA0872F}.Release|Any CPU.Build.0 = Release|Any CPU
		{87172F7E-579B-4783-A79E-7E1201F74313}.Debug|Any CPU.ActiveCfg = Debug|Any CPU
		{87172F7E-579B-4783-A79E-7E1201F74313}.Debug|Any CPU.Build.0 = Debug|Any CPU
		{87172F7E-579B-4783-A79E-7E1201F74313}.Release|Any CPU.ActiveCfg = Release|Any CPU
		{87172F7E-579B-4783-A79E-7E1201F74313}.Release|Any CPU.Build.0 = Release|Any CPU
		{094F207C-FF2B-4A93-88C4-5CAD4145DFCC}.Debug|Any CPU.ActiveCfg = Debug|Any CPU
		{094F207C-FF2B-4A93-88C4-5CAD4145DFCC}.Debug|Any CPU.Build.0 = Debug|Any CPU
		{094F207C-FF2B-4A93-88C4-5CAD4145DFCC}.Release|Any CPU.ActiveCfg = Release|Any CPU
		{094F207C-FF2B-4A93-88C4-5CAD4145DFCC}.Release|Any CPU.Build.0 = Release|Any CPU
		{CFC0C174-FA2A-4EB7-A8D8-695987ADB25F}.Debug|Any CPU.ActiveCfg = Debug|Any CPU
		{CFC0C174-FA2A-4EB7-A8D8-695987ADB25F}.Debug|Any CPU.Build.0 = Debug|Any CPU
		{CFC0C174-FA2A-4EB7-A8D8-695987ADB25F}.Release|Any CPU.ActiveCfg = Release|Any CPU
		{CFC0C174-FA2A-4EB7-A8D8-695987ADB25F}.Release|Any CPU.Build.0 = Release|Any CPU
		{7B920015-99E9-45A7-8A3B-EFC4B51925D9}.Debug|Any CPU.ActiveCfg = Debug|Any CPU
		{7B920015-99E9-45A7-8A3B-EFC4B51925D9}.Debug|Any CPU.Build.0 = Debug|Any CPU
		{7B920015-99E9-45A7-8A3B-EFC4B51925D9}.Release|Any CPU.ActiveCfg = Release|Any CPU
		{7B920015-99E9-45A7-8A3B-EFC4B51925D9}.Release|Any CPU.Build.0 = Release|Any CPU
		{F37EF170-92E7-4107-84AE-0E54EE783492}.Debug|Any CPU.ActiveCfg = Debug|Any CPU
		{F37EF170-92E7-4107-84AE-0E54EE783492}.Debug|Any CPU.Build.0 = Debug|Any CPU
		{F37EF170-92E7-4107-84AE-0E54EE783492}.Release|Any CPU.ActiveCfg = Release|Any CPU
		{F37EF170-92E7-4107-84AE-0E54EE783492}.Release|Any CPU.Build.0 = Release|Any CPU
		{9E878D19-22B0-4D03-87D1-D18D2A78C146}.Debug|Any CPU.ActiveCfg = Debug|Any CPU
		{9E878D19-22B0-4D03-87D1-D18D2A78C146}.Debug|Any CPU.Build.0 = Debug|Any CPU
		{9E878D19-22B0-4D03-87D1-D18D2A78C146}.Release|Any CPU.ActiveCfg = Release|Any CPU
		{9E878D19-22B0-4D03-87D1-D18D2A78C146}.Release|Any CPU.Build.0 = Release|Any CPU
		{B70FDD74-3FDE-40D7-99C8-091C3B16462E}.Debug|Any CPU.ActiveCfg = Debug|Any CPU
		{B70FDD74-3FDE-40D7-99C8-091C3B16462E}.Debug|Any CPU.Build.0 = Debug|Any CPU
		{B70FDD74-3FDE-40D7-99C8-091C3B16462E}.Release|Any CPU.ActiveCfg = Release|Any CPU
		{B70FDD74-3FDE-40D7-99C8-091C3B16462E}.Release|Any CPU.Build.0 = Release|Any CPU
		{B07C3076-557F-45EE-A2AB-477CFA4A6D9E}.Debug|Any CPU.ActiveCfg = Debug|Any CPU
		{B07C3076-557F-45EE-A2AB-477CFA4A6D9E}.Debug|Any CPU.Build.0 = Debug|Any CPU
		{B07C3076-557F-45EE-A2AB-477CFA4A6D9E}.Release|Any CPU.ActiveCfg = Release|Any CPU
		{B07C3076-557F-45EE-A2AB-477CFA4A6D9E}.Release|Any CPU.Build.0 = Release|Any CPU
		{E2BE8AC3-50B6-40F9-9C6A-F18091960BEA}.Debug|Any CPU.ActiveCfg = Debug|Any CPU
		{E2BE8AC3-50B6-40F9-9C6A-F18091960BEA}.Debug|Any CPU.Build.0 = Debug|Any CPU
		{E2BE8AC3-50B6-40F9-9C6A-F18091960BEA}.Release|Any CPU.ActiveCfg = Release|Any CPU
		{E2BE8AC3-50B6-40F9-9C6A-F18091960BEA}.Release|Any CPU.Build.0 = Release|Any CPU
	EndGlobalSection
	GlobalSection(SolutionProperties) = preSolution
		HideSolutionNode = FALSE
	EndGlobalSection
	GlobalSection(ExtensibilityGlobals) = postSolution
		SolutionGuid = {38F16FF8-12AF-4783-9F1C-175A1C7BD06B}
	EndGlobalSection
EndGlobal
